
Microsoft Visual Studio Solution File, Format Version 12.00
# Visual Studio Version 16
VisualStudioVersion = 16.0.31205.134
MinimumVisualStudioVersion = 10.0.40219.1
Project("{9A19103F-16F7-4668-BE54-9A1E7A4F7556}") = "TiendaServicios.Api.Autor", "TiendaServicios.Api.Autor\TiendaServicios.Api.Autor.csproj", "{F5EC1FAC-8A47-48EA-A76F-AA8502590814}"
EndProject
Project("{9A19103F-16F7-4668-BE54-9A1E7A4F7556}") = "TiendaServicios.Api.Libro", "TiendaServicios.Api.Libro\TiendaServicios.Api.Libro.csproj", "{8DCD2E0C-68CF-4CC9-A7BE-BB45802A327F}"
EndProject
Project("{9A19103F-16F7-4668-BE54-9A1E7A4F7556}") = "TiendaServicios.Api.CarritoCompra", "TiendaServicios.Api.CarritoCompra\TiendaServicios.Api.CarritoCompra.csproj", "{F8F1B48B-8EC2-4984-BADD-172560CD1012}"
EndProject
Project("{9A19103F-16F7-4668-BE54-9A1E7A4F7556}") = "TiendaServicios.Api.Libro.Tests", "TiendaServicios.Api.Libro.Tests\TiendaServicios.Api.Libro.Tests.csproj", "{13FF459A-689D-40BF-9315-C2E9D1E6EDE6}"
EndProject
Project("{E53339B2-1760-4266-BCC7-CA923CBCF16C}") = "docker-compose", "docker-compose.dcproj", "{9FE705FF-3DEC-4451-9B8A-47281FE848A2}"
EndProject
Project("{9A19103F-16F7-4668-BE54-9A1E7A4F7556}") = "TiendaServicios.Api.Gateway", "TiendaServicios.Api.Gateway\TiendaServicios.Api.Gateway.csproj", "{FC567C60-A6E3-44D3-BD0E-8C8F9FF4CB48}"
EndProject
Project("{9A19103F-16F7-4668-BE54-9A1E7A4F7556}") = "TiendaServicios.RabbitMQ.Bus", "TiendaServicios.RabbitMQ.Bus\TiendaServicios.RabbitMQ.Bus.csproj", "{3DAC4236-4646-43FB-91DA-7A35B58A4A95}"
EndProject
Project("{FAE04EC0-301F-11D3-BF4B-00C04F79EFBC}") = "TiendaServicios.Mensajeria.Email", "TiendaServicios.Mensajeria.Email\TiendaServicios.Mensajeria.Email.csproj", "{CD49E7BA-CC7F-43A0-BCB5-C77A0EC67E85}"
EndProject
Global
	GlobalSection(SolutionConfigurationPlatforms) = preSolution
		Debug|Any CPU = Debug|Any CPU
		Release|Any CPU = Release|Any CPU
	EndGlobalSection
	GlobalSection(ProjectConfigurationPlatforms) = postSolution
		{F5EC1FAC-8A47-48EA-A76F-AA8502590814}.Debug|Any CPU.ActiveCfg = Debug|Any CPU
		{F5EC1FAC-8A47-48EA-A76F-AA8502590814}.Debug|Any CPU.Build.0 = Debug|Any CPU
		{F5EC1FAC-8A47-48EA-A76F-AA8502590814}.Release|Any CPU.ActiveCfg = Release|Any CPU
		{F5EC1FAC-8A47-48EA-A76F-AA8502590814}.Release|Any CPU.Build.0 = Release|Any CPU
		{8DCD2E0C-68CF-4CC9-A7BE-BB45802A327F}.Debug|Any CPU.ActiveCfg = Debug|Any CPU
		{8DCD2E0C-68CF-4CC9-A7BE-BB45802A327F}.Debug|Any CPU.Build.0 = Debug|Any CPU
		{8DCD2E0C-68CF-4CC9-A7BE-BB45802A327F}.Release|Any CPU.ActiveCfg = Release|Any CPU
		{8DCD2E0C-68CF-4CC9-A7BE-BB45802A327F}.Release|Any CPU.Build.0 = Release|Any CPU
		{F8F1B48B-8EC2-4984-BADD-172560CD1012}.Debug|Any CPU.ActiveCfg = Debug|Any CPU
		{F8F1B48B-8EC2-4984-BADD-172560CD1012}.Debug|Any CPU.Build.0 = Debug|Any CPU
		{F8F1B48B-8EC2-4984-BADD-172560CD1012}.Release|Any CPU.ActiveCfg = Release|Any CPU
		{F8F1B48B-8EC2-4984-BADD-172560CD1012}.Release|Any CPU.Build.0 = Release|Any CPU
		{13FF459A-689D-40BF-9315-C2E9D1E6EDE6}.Debug|Any CPU.ActiveCfg = Debug|Any CPU
		{13FF459A-689D-40BF-9315-C2E9D1E6EDE6}.Debug|Any CPU.Build.0 = Debug|Any CPU
		{13FF459A-689D-40BF-9315-C2E9D1E6EDE6}.Release|Any CPU.ActiveCfg = Release|Any CPU
		{13FF459A-689D-40BF-9315-C2E9D1E6EDE6}.Release|Any CPU.Build.0 = Release|Any CPU
		{9FE705FF-3DEC-4451-9B8A-47281FE848A2}.Debug|Any CPU.ActiveCfg = Debug|Any CPU
		{9FE705FF-3DEC-4451-9B8A-47281FE848A2}.Debug|Any CPU.Build.0 = Debug|Any CPU
		{9FE705FF-3DEC-4451-9B8A-47281FE848A2}.Release|Any CPU.ActiveCfg = Release|Any CPU
		{9FE705FF-3DEC-4451-9B8A-47281FE848A2}.Release|Any CPU.Build.0 = Release|Any CPU
		{FC567C60-A6E3-44D3-BD0E-8C8F9FF4CB48}.Debug|Any CPU.ActiveCfg = Debug|Any CPU
		{FC567C60-A6E3-44D3-BD0E-8C8F9FF4CB48}.Debug|Any CPU.Build.0 = Debug|Any CPU
		{FC567C60-A6E3-44D3-BD0E-8C8F9FF4CB48}.Release|Any CPU.ActiveCfg = Release|Any CPU
		{FC567C60-A6E3-44D3-BD0E-8C8F9FF4CB48}.Release|Any CPU.Build.0 = Release|Any CPU
		{3DAC4236-4646-43FB-91DA-7A35B58A4A95}.Debug|Any CPU.ActiveCfg = Debug|Any CPU
		{3DAC4236-4646-43FB-91DA-7A35B58A4A95}.Debug|Any CPU.Build.0 = Debug|Any CPU
		{3DAC4236-4646-43FB-91DA-7A35B58A4A95}.Release|Any CPU.ActiveCfg = Release|Any CPU
		{3DAC4236-4646-43FB-91DA-7A35B58A4A95}.Release|Any CPU.Build.0 = Release|Any CPU
		{CD49E7BA-CC7F-43A0-BCB5-C77A0EC67E85}.Debug|Any CPU.ActiveCfg = Debug|Any CPU
		{CD49E7BA-CC7F-43A0-BCB5-C77A0EC67E85}.Debug|Any CPU.Build.0 = Debug|Any CPU
		{CD49E7BA-CC7F-43A0-BCB5-C77A0EC67E85}.Release|Any CPU.ActiveCfg = Release|Any CPU
		{CD49E7BA-CC7F-43A0-BCB5-C77A0EC67E85}.Release|Any CPU.Build.0 = Release|Any CPU
	EndGlobalSection
	GlobalSection(SolutionProperties) = preSolution
		HideSolutionNode = FALSE
	EndGlobalSection
	GlobalSection(ExtensibilityGlobals) = postSolution
		SolutionGuid = {D236326C-AEB6-4209-852A-E06C1D48138E}
	EndGlobalSection
EndGlobal
